
Microsoft Visual Studio Solution File, Format Version 12.00
# Visual Studio Version 16
VisualStudioVersion = 16.0.29709.97
MinimumVisualStudioVersion = 10.0.40219.1
Project("{FAE04EC0-301F-11D3-BF4B-00C04F79EFBC}") = "RLKTExecutableValidator", "RLKTExecutableValidator.csproj", "{0D65C419-C557-43D2-B6A0-7DCA32B82B18}"
EndProject
Project("{FAE04EC0-301F-11D3-BF4B-00C04F79EFBC}") = "RLKTExecutableStamp", "..\RLKTExecutableStamp\RLKTExecutableStamp.csproj", "{502AA08A-6587-490E-9C94-461B975E99B7}"
EndProject
Global
	GlobalSection(SolutionConfigurationPlatforms) = preSolution
		Debug|Any CPU = Debug|Any CPU
		Release|Any CPU = Release|Any CPU
	EndGlobalSection
	GlobalSection(ProjectConfigurationPlatforms) = postSolution
		{0D65C419-C557-43D2-B6A0-7DCA32B82B18}.Debug|Any CPU.ActiveCfg = Debug|Any CPU
		{0D65C419-C557-43D2-B6A0-7DCA32B82B18}.Debug|Any CPU.Build.0 = Debug|Any CPU
		{0D65C419-C557-43D2-B6A0-7DCA32B82B18}.Release|Any CPU.ActiveCfg = Release|Any CPU
		{0D65C419-C557-43D2-B6A0-7DCA32B82B18}.Release|Any CPU.Build.0 = Release|Any CPU
		{502AA08A-6587-490E-9C94-461B975E99B7}.Debug|Any CPU.ActiveCfg = Debug|Any CPU
		{502AA08A-6587-490E-9C94-461B975E99B7}.Debug|Any CPU.Build.0 = Debug|Any CPU
		{502AA08A-6587-490E-9C94-461B975E99B7}.Release|Any CPU.ActiveCfg = Release|Any CPU
		{502AA08A-6587-490E-9C94-461B975E99B7}.Release|Any CPU.Build.0 = Release|Any CPU
	EndGlobalSection
	GlobalSection(SolutionProperties) = preSolution
		HideSolutionNode = FALSE
	EndGlobalSection
	GlobalSection(ExtensibilityGlobals) = postSolution
		SolutionGuid = {5B4D5D7A-3155-4511-9454-F139D97A87D2}
	EndGlobalSection
EndGlobal
